{
  "name": "CONVOCATION",
  "lockfileVersion": 3,
  "requires": true,
  "packages": {
    "": {
      "dependencies": {
        "running": "^0.0.1"
      }
    },
    "node_modules/running": {
      "version": "0.0.1",
      "resolved": "https://registry.npmjs.org/running/-/running-0.0.1.tgz",
      "integrity": "sha512-b/+OmzlElXawuQzs4GiY5rS/ZTyE7RDW/CcVRbc8DRGRIs50PxvJi30j/1+eKYELqrGCB5heHPBiUYnWmdEE2A=="
    }
  }
}
